
Microsoft Visual Studio Solution File, Format Version 12.00
# Visual Studio Version 17
VisualStudioVersion = 17.2.32602.215
MinimumVisualStudioVersion = 10.0.40219.1
Project("{FAE04EC0-301F-11D3-BF4B-00C04F79EFBC}") = "MoneyExtension", "MoneyExtension\MoneyExtension.csproj", "{9A32079F-B82E-4400-A996-1E8ADA447670}"
EndProject
Global
	GlobalSection(SolutionConfigurationPlatforms) = preSolution
		Debug|Any CPU = Debug|Any CPU
		Release|Any CPU = Release|Any CPU
	EndGlobalSection
	GlobalSection(ProjectConfigurationPlatforms) = postSolution
		{9A32079F-B82E-4400-A996-1E8ADA447670}.Debug|Any CPU.ActiveCfg = Debug|Any CPU
		{9A32079F-B82E-4400-A996-1E8ADA447670}.Debug|Any CPU.Build.0 = Debug|Any CPU
		{9A32079F-B82E-4400-A996-1E8ADA447670}.Release|Any CPU.ActiveCfg = Release|Any CPU
		{9A32079F-B82E-4400-A996-1E8ADA447670}.Release|Any CPU.Build.0 = Release|Any CPU
	EndGlobalSection
	GlobalSection(SolutionProperties) = preSolution
		HideSolutionNode = FALSE
	EndGlobalSection
	GlobalSection(ExtensibilityGlobals) = postSolution
		SolutionGuid = {8EC9BD2B-CC85-4921-BACF-78569AE9F6C3}
	EndGlobalSection
EndGlobal
